
Microsoft Visual Studio Solution File, Format Version 12.00
# Visual Studio Version 17
VisualStudioVersion = 17.7.34024.191
MinimumVisualStudioVersion = 10.0.40219.1
Project("{9A19103F-16F7-4668-BE54-9A1E7A4F7556}") = "WebStoreApp", "WebStoreApp\WebStoreApp.csproj", "{C28B35CD-F38D-4C34-84CA-7264E4A7FCA4}"
EndProject
Project("{9A19103F-16F7-4668-BE54-9A1E7A4F7556}") = "WebShopApp.Infrastructure", "WebShopApp.Infrastructure\WebShopApp.Infrastructure.csproj", "{3A9BBCA4-078C-451E-86CD-2F35B04BDFD1}"
EndProject
Project("{FAE04EC0-301F-11D3-BF4B-00C04F79EFBC}") = "WebShopApp.Core", "WebShopApp.Core\WebShopApp.Core.csproj", "{30614CAF-9B2F-4DF2-A873-C42995AC8DCE}"
EndProject
Global
	GlobalSection(SolutionConfigurationPlatforms) = preSolution
		Debug|Any CPU = Debug|Any CPU
		Release|Any CPU = Release|Any CPU
	EndGlobalSection
	GlobalSection(ProjectConfigurationPlatforms) = postSolution
		{C28B35CD-F38D-4C34-84CA-7264E4A7FCA4}.Debug|Any CPU.ActiveCfg = Debug|Any CPU
		{C28B35CD-F38D-4C34-84CA-7264E4A7FCA4}.Debug|Any CPU.Build.0 = Debug|Any CPU
		{C28B35CD-F38D-4C34-84CA-7264E4A7FCA4}.Release|Any CPU.ActiveCfg = Release|Any CPU
		{C28B35CD-F38D-4C34-84CA-7264E4A7FCA4}.Release|Any CPU.Build.0 = Release|Any CPU
		{3A9BBCA4-078C-451E-86CD-2F35B04BDFD1}.Debug|Any CPU.ActiveCfg = Debug|Any CPU
		{3A9BBCA4-078C-451E-86CD-2F35B04BDFD1}.Debug|Any CPU.Build.0 = Debug|Any CPU
		{3A9BBCA4-078C-451E-86CD-2F35B04BDFD1}.Release|Any CPU.ActiveCfg = Release|Any CPU
		{3A9BBCA4-078C-451E-86CD-2F35B04BDFD1}.Release|Any CPU.Build.0 = Release|Any CPU
		{30614CAF-9B2F-4DF2-A873-C42995AC8DCE}.Debug|Any CPU.ActiveCfg = Debug|Any CPU
		{30614CAF-9B2F-4DF2-A873-C42995AC8DCE}.Debug|Any CPU.Build.0 = Debug|Any CPU
		{30614CAF-9B2F-4DF2-A873-C42995AC8DCE}.Release|Any CPU.ActiveCfg = Release|Any CPU
		{30614CAF-9B2F-4DF2-A873-C42995AC8DCE}.Release|Any CPU.Build.0 = Release|Any CPU
	EndGlobalSection
	GlobalSection(SolutionProperties) = preSolution
		HideSolutionNode = FALSE
	EndGlobalSection
	GlobalSection(ExtensibilityGlobals) = postSolution
		SolutionGuid = {1452975B-BA2E-4A6F-BBD2-0643E5B06738}
	EndGlobalSection
EndGlobal
